
Microsoft Visual Studio Solution File, Format Version 12.00
# Visual Studio Version 16
VisualStudioVersion = 16.0.28917.182
MinimumVisualStudioVersion = 10.0.40219.1
Project("{2150E333-8FDC-42A3-9474-1A3956D46DE8}") = "Executables", "Executables", "{0D88B727-CA5D-48DB-835B-E90C8E282DA7}"
EndProject
Project("{2150E333-8FDC-42A3-9474-1A3956D46DE8}") = "Libs", "Libs", "{9A022DE0-2608-45D6-99DA-835CFFD4FC87}"
EndProject
Project("{9A19103F-16F7-4668-BE54-9A1E7A4F7556}") = "WingsEmu.Communication.RPC", "srcs\WingsEmu.Master.Library\WingsEmu.Communication.RPC.csproj", "{15948D13-B424-4DF3-B341-36CCB97D4D9F}"
EndProject
Project("{9A19103F-16F7-4668-BE54-9A1E7A4F7556}") = "WingsEmu.Master", "srcs\WingsEmu.Master\WingsEmu.Master.csproj", "{A7C1F375-FD81-4FC5-9C61-812771077D40}"
EndProject
Project("{9A19103F-16F7-4668-BE54-9A1E7A4F7556}") = "WingsEmu.Communication", "srcs\WingsEmu.Communication\WingsEmu.Communication.csproj", "{052A32DE-CE73-4E7F-86C4-9130BEF5EB3E}"
EndProject
Project("{9A19103F-16F7-4668-BE54-9A1E7A4F7556}") = "WingsEmu.Network", "srcs\WingsEmu.Network\WingsEmu.Network.csproj", "{AF18B792-6305-45D8-A758-F152E34B8061}"
EndProject
Project("{2150E333-8FDC-42A3-9474-1A3956D46DE8}") = "WingsEmu", "WingsEmu", "{99D10D4A-A16A-4600-A39B-568047AA58ED}"
EndProject
Project("{9A19103F-16F7-4668-BE54-9A1E7A4F7556}") = "ChickenAPI.DAL", "srcs\ChickenAPI.DAL\ChickenAPI.DAL.csproj", "{980B0B4A-0ADB-41BE-BCB9-0CB0A59DA77F}"
EndProject
Project("{9A19103F-16F7-4668-BE54-9A1E7A4F7556}") = "OpenNos.Packets", "srcs\OpenNos.Packets\OpenNos.Packets.csproj", "{596A8193-7A5D-4055-BB8C-D2F27E1C6B94}"
EndProject
Project("{9A19103F-16F7-4668-BE54-9A1E7A4F7556}") = "WingsEmu.DAL.Interface", "srcs\WingsEmu.DAL.Interface\WingsEmu.DAL.Interface.csproj", "{FB2BA3AC-FE31-431D-B346-883C2A97A083}"
EndProject
Project("{9A19103F-16F7-4668-BE54-9A1E7A4F7556}") = "OpenNos.DTO", "srcs\OpenNos.DTO\OpenNos.DTO.csproj", "{0F1F75EF-8755-499B-8A28-F6653EB29FED}"
EndProject
Project("{9A19103F-16F7-4668-BE54-9A1E7A4F7556}") = "ChickenAPI.Core", "srcs\ChickenAPI.Core\ChickenAPI.Core.csproj", "{872C75F9-F535-4499-ADCB-4ADF2EBFC073}"
EndProject
Project("{9A19103F-16F7-4668-BE54-9A1E7A4F7556}") = "OpenNos.GameObject", "srcs\OpenNos.GameObject\OpenNos.GameObject.csproj", "{295450C6-C37F-4AA7-A59A-1BFFF352D0EA}"
EndProject
Project("{9A19103F-16F7-4668-BE54-9A1E7A4F7556}") = "OpenNos.Core", "srcs\OpenNos.Core\OpenNos.Core.csproj", "{992BDAD7-70BF-49FB-BA35-7355417AE3BA}"
EndProject
Project("{9A19103F-16F7-4668-BE54-9A1E7A4F7556}") = "OpenNos.Pathfinder", "srcs\OpenNos.Pathfinder\OpenNos.Pathfinder.csproj", "{4B6F1184-0C50-4FB1-B47B-8D0FC4DB6295}"
EndProject
Project("{9A19103F-16F7-4668-BE54-9A1E7A4F7556}") = "WingsEmu.Customization", "srcs\WingsEmu.Customization\WingsEmu.Customization.csproj", "{FE649C9D-E563-4924-AE3F-229F908C2FC7}"
EndProject
Project("{9A19103F-16F7-4668-BE54-9A1E7A4F7556}") = "OpenNos.DAL.EF", "srcs\OpenNos.DAL.EF\OpenNos.DAL.EF.csproj", "{2C8A27F1-DF81-4F74-B0CC-0F6760B87480}"
EndProject
Project("{9A19103F-16F7-4668-BE54-9A1E7A4F7556}") = "OpenNos.DAL", "srcs\OpenNos.DAL\OpenNos.DAL.csproj", "{2E58CACB-AA81-4C97-B047-AF69E1F83B68}"
EndProject
Project("{9A19103F-16F7-4668-BE54-9A1E7A4F7556}") = "WingsEmu.Login", "srcs\WingsEmu.Login\WingsEmu.Login.csproj", "{3826F426-0D84-4929-AE65-9F7A9C436FCA}"
EndProject
Project("{9A19103F-16F7-4668-BE54-9A1E7A4F7556}") = "WingsEmu.World", "srcs\WingsEmu.World\WingsEmu.World.csproj", "{6BAC662F-08EB-4542-95B2-69FD137EE808}"
EndProject
Project("{9A19103F-16F7-4668-BE54-9A1E7A4F7556}") = "WingsEmu.Toolkit", "srcs\WingsEmu.Toolkit\WingsEmu.Toolkit.csproj", "{05451402-CA5D-4474-A8BE-8E534AD17748}"
EndProject
Project("{9A19103F-16F7-4668-BE54-9A1E7A4F7556}") = "ChickenAPI.Plugins", "srcs\ChickenAPI.Plugins\ChickenAPI.Plugins.csproj", "{2CB4C4FB-C52E-4CA4-9817-BCDE5EE44566}"
EndProject
Project("{9A19103F-16F7-4668-BE54-9A1E7A4F7556}") = "WingsEmu.Plugins.Logging", "srcs\_plugins\WingsEmu.LoggingPlugin\WingsEmu.Plugins.Logging.csproj", "{FBB33E9D-3120-41DC-859E-9A1DA5A42C53}"
EndProject
Project("{2150E333-8FDC-42A3-9474-1A3956D46DE8}") = "Plugins", "Plugins", "{F872A038-D325-4718-B0A0-4CBCEA3714ED}"
EndProject
Project("{9A19103F-16F7-4668-BE54-9A1E7A4F7556}") = "WingsEmu.Game.Extensions", "srcs\WingsEmu.Game.Extensions\WingsEmu.Game.Extensions.csproj", "{D425AE9F-F25D-4B64-9983-FE76778524A7}"
EndProject
Project("{9A19103F-16F7-4668-BE54-9A1E7A4F7556}") = "WingsEmu.Plugins.DB.MSSQL", "srcs\_plugins\WingsEmu.Plugins.DB.MSSQL\WingsEmu.Plugins.DB.MSSQL.csproj", "{8ED45EF3-0271-4867-9330-80D300029D8C}"
EndProject
Project("{9A19103F-16F7-4668-BE54-9A1E7A4F7556}") = "WingsEmu.Configuration", "srcs\WingsEmu.Configuration\WingsEmu.Configuration.csproj", "{2A64DC9E-B4C9-4411-A66C-870E0363F15A}"
EndProject
Project("{9A19103F-16F7-4668-BE54-9A1E7A4F7556}") = "WingsEmu.DAL.EF.DAO", "srcs\WingsEmu.DAL.EF.DAO\WingsEmu.DAL.EF.DAO.csproj", "{58302ADA-9967-4FF6-845A-B6D6AE0A339F}"
EndProject
Project("{9A19103F-16F7-4668-BE54-9A1E7A4F7556}") = "ChickenAPI.i18n", "srcs\ChickenAPI.Multilanguage\ChickenAPI.i18n.csproj", "{7B3130BC-DB9F-4DB1-9875-CFA08CD46168}"
EndProject
Project("{9A19103F-16F7-4668-BE54-9A1E7A4F7556}") = "WingsEmu.Commands", "srcs\WingsEmu.Commands\WingsEmu.Commands.csproj", "{B0D05BBF-F7FA-46EC-9224-182B2B98C4A3}"
EndProject
Project("{2150E333-8FDC-42A3-9474-1A3956D46DE8}") = "OpenNos", "OpenNos", "{FDEB0983-B01B-47AC-AF86-337B736DCA62}"
EndProject
Project("{2150E333-8FDC-42A3-9474-1A3956D46DE8}") = "ChickenAPI", "ChickenAPI", "{0FF8E2F4-DA31-485D-AE7A-D483CF8627EF}"
EndProject
Project("{FAE04EC0-301F-11D3-BF4B-00C04F79EFBC}") = "OpenNos.Packets.Handlers", "srcs\OpenNos.Packets.Handlers\OpenNos.Packets.Handlers.csproj", "{6BFFBB09-7BE2-449F-8E72-AADA97B791E7}"
EndProject
Global
	GlobalSection(SolutionConfigurationPlatforms) = preSolution
		Debug|Any CPU = Debug|Any CPU
		Debug|x64 = Debug|x64
		Debug|x86 = Debug|x86
		Release|Any CPU = Release|Any CPU
		Release|x64 = Release|x64
		Release|x86 = Release|x86
	EndGlobalSection
	GlobalSection(ProjectConfigurationPlatforms) = postSolution
		{15948D13-B424-4DF3-B341-36CCB97D4D9F}.Debug|Any CPU.ActiveCfg = Debug|Any CPU
		{15948D13-B424-4DF3-B341-36CCB97D4D9F}.Debug|Any CPU.Build.0 = Debug|Any CPU
		{15948D13-B424-4DF3-B341-36CCB97D4D9F}.Debug|x64.ActiveCfg = Debug|Any CPU
		{15948D13-B424-4DF3-B341-36CCB97D4D9F}.Debug|x64.Build.0 = Debug|Any CPU
		{15948D13-B424-4DF3-B341-36CCB97D4D9F}.Debug|x86.ActiveCfg = Debug|Any CPU
		{15948D13-B424-4DF3-B341-36CCB97D4D9F}.Debug|x86.Build.0 = Debug|Any CPU
		{15948D13-B424-4DF3-B341-36CCB97D4D9F}.Release|Any CPU.ActiveCfg = Release|Any CPU
		{15948D13-B424-4DF3-B341-36CCB97D4D9F}.Release|Any CPU.Build.0 = Release|Any CPU
		{15948D13-B424-4DF3-B341-36CCB97D4D9F}.Release|x64.ActiveCfg = Release|Any CPU
		{15948D13-B424-4DF3-B341-36CCB97D4D9F}.Release|x64.Build.0 = Release|Any CPU
		{15948D13-B424-4DF3-B341-36CCB97D4D9F}.Release|x86.ActiveCfg = Release|Any CPU
		{15948D13-B424-4DF3-B341-36CCB97D4D9F}.Release|x86.Build.0 = Release|Any CPU
		{A7C1F375-FD81-4FC5-9C61-812771077D40}.Debug|Any CPU.ActiveCfg = Debug|Any CPU
		{A7C1F375-FD81-4FC5-9C61-812771077D40}.Debug|Any CPU.Build.0 = Debug|Any CPU
		{A7C1F375-FD81-4FC5-9C61-812771077D40}.Debug|x64.ActiveCfg = Debug|Any CPU
		{A7C1F375-FD81-4FC5-9C61-812771077D40}.Debug|x64.Build.0 = Debug|Any CPU
		{A7C1F375-FD81-4FC5-9C61-812771077D40}.Debug|x86.ActiveCfg = Debug|Any CPU
		{A7C1F375-FD81-4FC5-9C61-812771077D40}.Debug|x86.Build.0 = Debug|Any CPU
		{A7C1F375-FD81-4FC5-9C61-812771077D40}.Release|Any CPU.ActiveCfg = Release|Any CPU
		{A7C1F375-FD81-4FC5-9C61-812771077D40}.Release|Any CPU.Build.0 = Release|Any CPU
		{A7C1F375-FD81-4FC5-9C61-812771077D40}.Release|x64.ActiveCfg = Release|Any CPU
		{A7C1F375-FD81-4FC5-9C61-812771077D40}.Release|x64.Build.0 = Release|Any CPU
		{A7C1F375-FD81-4FC5-9C61-812771077D40}.Release|x86.ActiveCfg = Release|Any CPU
		{A7C1F375-FD81-4FC5-9C61-812771077D40}.Release|x86.Build.0 = Release|Any CPU
		{052A32DE-CE73-4E7F-86C4-9130BEF5EB3E}.Debug|Any CPU.ActiveCfg = Debug|Any CPU
		{052A32DE-CE73-4E7F-86C4-9130BEF5EB3E}.Debug|Any CPU.Build.0 = Debug|Any CPU
		{052A32DE-CE73-4E7F-86C4-9130BEF5EB3E}.Debug|x64.ActiveCfg = Debug|Any CPU
		{052A32DE-CE73-4E7F-86C4-9130BEF5EB3E}.Debug|x64.Build.0 = Debug|Any CPU
		{052A32DE-CE73-4E7F-86C4-9130BEF5EB3E}.Debug|x86.ActiveCfg = Debug|Any CPU
		{052A32DE-CE73-4E7F-86C4-9130BEF5EB3E}.Debug|x86.Build.0 = Debug|Any CPU
		{052A32DE-CE73-4E7F-86C4-9130BEF5EB3E}.Release|Any CPU.ActiveCfg = Release|Any CPU
		{052A32DE-CE73-4E7F-86C4-9130BEF5EB3E}.Release|Any CPU.Build.0 = Release|Any CPU
		{052A32DE-CE73-4E7F-86C4-9130BEF5EB3E}.Release|x64.ActiveCfg = Release|Any CPU
		{052A32DE-CE73-4E7F-86C4-9130BEF5EB3E}.Release|x64.Build.0 = Release|Any CPU
		{052A32DE-CE73-4E7F-86C4-9130BEF5EB3E}.Release|x86.ActiveCfg = Release|Any CPU
		{052A32DE-CE73-4E7F-86C4-9130BEF5EB3E}.Release|x86.Build.0 = Release|Any CPU
		{AF18B792-6305-45D8-A758-F152E34B8061}.Debug|Any CPU.ActiveCfg = Debug|Any CPU
		{AF18B792-6305-45D8-A758-F152E34B8061}.Debug|Any CPU.Build.0 = Debug|Any CPU
		{AF18B792-6305-45D8-A758-F152E34B8061}.Debug|x64.ActiveCfg = Debug|Any CPU
		{AF18B792-6305-45D8-A758-F152E34B8061}.Debug|x64.Build.0 = Debug|Any CPU
		{AF18B792-6305-45D8-A758-F152E34B8061}.Debug|x86.ActiveCfg = Debug|Any CPU
		{AF18B792-6305-45D8-A758-F152E34B8061}.Debug|x86.Build.0 = Debug|Any CPU
		{AF18B792-6305-45D8-A758-F152E34B8061}.Release|Any CPU.ActiveCfg = Release|Any CPU
		{AF18B792-6305-45D8-A758-F152E34B8061}.Release|Any CPU.Build.0 = Release|Any CPU
		{AF18B792-6305-45D8-A758-F152E34B8061}.Release|x64.ActiveCfg = Release|Any CPU
		{AF18B792-6305-45D8-A758-F152E34B8061}.Release|x64.Build.0 = Release|Any CPU
		{AF18B792-6305-45D8-A758-F152E34B8061}.Release|x86.ActiveCfg = Release|Any CPU
		{AF18B792-6305-45D8-A758-F152E34B8061}.Release|x86.Build.0 = Release|Any CPU
		{980B0B4A-0ADB-41BE-BCB9-0CB0A59DA77F}.Debug|Any CPU.ActiveCfg = Debug|Any CPU
		{980B0B4A-0ADB-41BE-BCB9-0CB0A59DA77F}.Debug|Any CPU.Build.0 = Debug|Any CPU
		{980B0B4A-0ADB-41BE-BCB9-0CB0A59DA77F}.Debug|x64.ActiveCfg = Debug|Any CPU
		{980B0B4A-0ADB-41BE-BCB9-0CB0A59DA77F}.Debug|x64.Build.0 = Debug|Any CPU
		{980B0B4A-0ADB-41BE-BCB9-0CB0A59DA77F}.Debug|x86.ActiveCfg = Debug|Any CPU
		{980B0B4A-0ADB-41BE-BCB9-0CB0A59DA77F}.Debug|x86.Build.0 = Debug|Any CPU
		{980B0B4A-0ADB-41BE-BCB9-0CB0A59DA77F}.Release|Any CPU.ActiveCfg = Release|Any CPU
		{980B0B4A-0ADB-41BE-BCB9-0CB0A59DA77F}.Release|Any CPU.Build.0 = Release|Any CPU
		{980B0B4A-0ADB-41BE-BCB9-0CB0A59DA77F}.Release|x64.ActiveCfg = Release|Any CPU
		{980B0B4A-0ADB-41BE-BCB9-0CB0A59DA77F}.Release|x64.Build.0 = Release|Any CPU
		{980B0B4A-0ADB-41BE-BCB9-0CB0A59DA77F}.Release|x86.ActiveCfg = Release|Any CPU
		{980B0B4A-0ADB-41BE-BCB9-0CB0A59DA77F}.Release|x86.Build.0 = Release|Any CPU
		{596A8193-7A5D-4055-BB8C-D2F27E1C6B94}.Debug|Any CPU.ActiveCfg = Debug|Any CPU
		{596A8193-7A5D-4055-BB8C-D2F27E1C6B94}.Debug|Any CPU.Build.0 = Debug|Any CPU
		{596A8193-7A5D-4055-BB8C-D2F27E1C6B94}.Debug|x64.ActiveCfg = Debug|Any CPU
		{596A8193-7A5D-4055-BB8C-D2F27E1C6B94}.Debug|x64.Build.0 = Debug|Any CPU
		{596A8193-7A5D-4055-BB8C-D2F27E1C6B94}.Debug|x86.ActiveCfg = Debug|Any CPU
		{596A8193-7A5D-4055-BB8C-D2F27E1C6B94}.Debug|x86.Build.0 = Debug|Any CPU
		{596A8193-7A5D-4055-BB8C-D2F27E1C6B94}.Release|Any CPU.ActiveCfg = Release|Any CPU
		{596A8193-7A5D-4055-BB8C-D2F27E1C6B94}.Release|Any CPU.Build.0 = Release|Any CPU
		{596A8193-7A5D-4055-BB8C-D2F27E1C6B94}.Release|x64.ActiveCfg = Release|Any CPU
		{596A8193-7A5D-4055-BB8C-D2F27E1C6B94}.Release|x64.Build.0 = Release|Any CPU
		{596A8193-7A5D-4055-BB8C-D2F27E1C6B94}.Release|x86.ActiveCfg = Release|Any CPU
		{596A8193-7A5D-4055-BB8C-D2F27E1C6B94}.Release|x86.Build.0 = Release|Any CPU
		{FB2BA3AC-FE31-431D-B346-883C2A97A083}.Debug|Any CPU.ActiveCfg = Debug|Any CPU
		{FB2BA3AC-FE31-431D-B346-883C2A97A083}.Debug|Any CPU.Build.0 = Debug|Any CPU
		{FB2BA3AC-FE31-431D-B346-883C2A97A083}.Debug|x64.ActiveCfg = Debug|Any CPU
		{FB2BA3AC-FE31-431D-B346-883C2A97A083}.Debug|x64.Build.0 = Debug|Any CPU
		{FB2BA3AC-FE31-431D-B346-883C2A97A083}.Debug|x86.ActiveCfg = Debug|Any CPU
		{FB2BA3AC-FE31-431D-B346-883C2A97A083}.Debug|x86.Build.0 = Debug|Any CPU
		{FB2BA3AC-FE31-431D-B346-883C2A97A083}.Release|Any CPU.ActiveCfg = Release|Any CPU
		{FB2BA3AC-FE31-431D-B346-883C2A97A083}.Release|Any CPU.Build.0 = Release|Any CPU
		{FB2BA3AC-FE31-431D-B346-883C2A97A083}.Release|x64.ActiveCfg = Release|Any CPU
		{FB2BA3AC-FE31-431D-B346-883C2A97A083}.Release|x64.Build.0 = Release|Any CPU
		{FB2BA3AC-FE31-431D-B346-883C2A97A083}.Release|x86.ActiveCfg = Release|Any CPU
		{FB2BA3AC-FE31-431D-B346-883C2A97A083}.Release|x86.Build.0 = Release|Any CPU
		{0F1F75EF-8755-499B-8A28-F6653EB29FED}.Debug|Any CPU.ActiveCfg = Debug|Any CPU
		{0F1F75EF-8755-499B-8A28-F6653EB29FED}.Debug|Any CPU.Build.0 = Debug|Any CPU
		{0F1F75EF-8755-499B-8A28-F6653EB29FED}.Debug|x64.ActiveCfg = Debug|Any CPU
		{0F1F75EF-8755-499B-8A28-F6653EB29FED}.Debug|x64.Build.0 = Debug|Any CPU
		{0F1F75EF-8755-499B-8A28-F6653EB29FED}.Debug|x86.ActiveCfg = Debug|Any CPU
		{0F1F75EF-8755-499B-8A28-F6653EB29FED}.Debug|x86.Build.0 = Debug|Any CPU
		{0F1F75EF-8755-499B-8A28-F6653EB29FED}.Release|Any CPU.ActiveCfg = Release|Any CPU
		{0F1F75EF-8755-499B-8A28-F6653EB29FED}.Release|Any CPU.Build.0 = Release|Any CPU
		{0F1F75EF-8755-499B-8A28-F6653EB29FED}.Release|x64.ActiveCfg = Release|Any CPU
		{0F1F75EF-8755-499B-8A28-F6653EB29FED}.Release|x64.Build.0 = Release|Any CPU
		{0F1F75EF-8755-499B-8A28-F6653EB29FED}.Release|x86.ActiveCfg = Release|Any CPU
		{0F1F75EF-8755-499B-8A28-F6653EB29FED}.Release|x86.Build.0 = Release|Any CPU
		{872C75F9-F535-4499-ADCB-4ADF2EBFC073}.Debug|Any CPU.ActiveCfg = Debug|Any CPU
		{872C75F9-F535-4499-ADCB-4ADF2EBFC073}.Debug|Any CPU.Build.0 = Debug|Any CPU
		{872C75F9-F535-4499-ADCB-4ADF2EBFC073}.Debug|x64.ActiveCfg = Debug|Any CPU
		{872C75F9-F535-4499-ADCB-4ADF2EBFC073}.Debug|x64.Build.0 = Debug|Any CPU
		{872C75F9-F535-4499-ADCB-4ADF2EBFC073}.Debug|x86.ActiveCfg = Debug|Any CPU
		{872C75F9-F535-4499-ADCB-4ADF2EBFC073}.Debug|x86.Build.0 = Debug|Any CPU
		{872C75F9-F535-4499-ADCB-4ADF2EBFC073}.Release|Any CPU.ActiveCfg = Release|Any CPU
		{872C75F9-F535-4499-ADCB-4ADF2EBFC073}.Release|Any CPU.Build.0 = Release|Any CPU
		{872C75F9-F535-4499-ADCB-4ADF2EBFC073}.Release|x64.ActiveCfg = Release|Any CPU
		{872C75F9-F535-4499-ADCB-4ADF2EBFC073}.Release|x64.Build.0 = Release|Any CPU
		{872C75F9-F535-4499-ADCB-4ADF2EBFC073}.Release|x86.ActiveCfg = Release|Any CPU
		{872C75F9-F535-4499-ADCB-4ADF2EBFC073}.Release|x86.Build.0 = Release|Any CPU
		{295450C6-C37F-4AA7-A59A-1BFFF352D0EA}.Debug|Any CPU.ActiveCfg = Debug|Any CPU
		{295450C6-C37F-4AA7-A59A-1BFFF352D0EA}.Debug|Any CPU.Build.0 = Debug|Any CPU
		{295450C6-C37F-4AA7-A59A-1BFFF352D0EA}.Debug|x64.ActiveCfg = Debug|Any CPU
		{295450C6-C37F-4AA7-A59A-1BFFF352D0EA}.Debug|x64.Build.0 = Debug|Any CPU
		{295450C6-C37F-4AA7-A59A-1BFFF352D0EA}.Debug|x86.ActiveCfg = Debug|Any CPU
		{295450C6-C37F-4AA7-A59A-1BFFF352D0EA}.Debug|x86.Build.0 = Debug|Any CPU
		{295450C6-C37F-4AA7-A59A-1BFFF352D0EA}.Release|Any CPU.ActiveCfg = Release|Any CPU
		{295450C6-C37F-4AA7-A59A-1BFFF352D0EA}.Release|Any CPU.Build.0 = Release|Any CPU
		{295450C6-C37F-4AA7-A59A-1BFFF352D0EA}.Release|x64.ActiveCfg = Release|Any CPU
		{295450C6-C37F-4AA7-A59A-1BFFF352D0EA}.Release|x64.Build.0 = Release|Any CPU
		{295450C6-C37F-4AA7-A59A-1BFFF352D0EA}.Release|x86.ActiveCfg = Release|Any CPU
		{295450C6-C37F-4AA7-A59A-1BFFF352D0EA}.Release|x86.Build.0 = Release|Any CPU
		{992BDAD7-70BF-49FB-BA35-7355417AE3BA}.Debug|Any CPU.ActiveCfg = Debug|Any CPU
		{992BDAD7-70BF-49FB-BA35-7355417AE3BA}.Debug|Any CPU.Build.0 = Debug|Any CPU
		{992BDAD7-70BF-49FB-BA35-7355417AE3BA}.Debug|x64.ActiveCfg = Debug|Any CPU
		{992BDAD7-70BF-49FB-BA35-7355417AE3BA}.Debug|x64.Build.0 = Debug|Any CPU
		{992BDAD7-70BF-49FB-BA35-7355417AE3BA}.Debug|x86.ActiveCfg = Debug|Any CPU
		{992BDAD7-70BF-49FB-BA35-7355417AE3BA}.Debug|x86.Build.0 = Debug|Any CPU
		{992BDAD7-70BF-49FB-BA35-7355417AE3BA}.Release|Any CPU.ActiveCfg = Release|Any CPU
		{992BDAD7-70BF-49FB-BA35-7355417AE3BA}.Release|Any CPU.Build.0 = Release|Any CPU
		{992BDAD7-70BF-49FB-BA35-7355417AE3BA}.Release|x64.ActiveCfg = Release|Any CPU
		{992BDAD7-70BF-49FB-BA35-7355417AE3BA}.Release|x64.Build.0 = Release|Any CPU
		{992BDAD7-70BF-49FB-BA35-7355417AE3BA}.Release|x86.ActiveCfg = Release|Any CPU
		{992BDAD7-70BF-49FB-BA35-7355417AE3BA}.Release|x86.Build.0 = Release|Any CPU
		{4B6F1184-0C50-4FB1-B47B-8D0FC4DB6295}.Debug|Any CPU.ActiveCfg = Debug|Any CPU
		{4B6F1184-0C50-4FB1-B47B-8D0FC4DB6295}.Debug|Any CPU.Build.0 = Debug|Any CPU
		{4B6F1184-0C50-4FB1-B47B-8D0FC4DB6295}.Debug|x64.ActiveCfg = Debug|Any CPU
		{4B6F1184-0C50-4FB1-B47B-8D0FC4DB6295}.Debug|x64.Build.0 = Debug|Any CPU
		{4B6F1184-0C50-4FB1-B47B-8D0FC4DB6295}.Debug|x86.ActiveCfg = Debug|Any CPU
		{4B6F1184-0C50-4FB1-B47B-8D0FC4DB6295}.Debug|x86.Build.0 = Debug|Any CPU
		{4B6F1184-0C50-4FB1-B47B-8D0FC4DB6295}.Release|Any CPU.ActiveCfg = Release|Any CPU
		{4B6F1184-0C50-4FB1-B47B-8D0FC4DB6295}.Release|Any CPU.Build.0 = Release|Any CPU
		{4B6F1184-0C50-4FB1-B47B-8D0FC4DB6295}.Release|x64.ActiveCfg = Release|Any CPU
		{4B6F1184-0C50-4FB1-B47B-8D0FC4DB6295}.Release|x64.Build.0 = Release|Any CPU
		{4B6F1184-0C50-4FB1-B47B-8D0FC4DB6295}.Release|x86.ActiveCfg = Release|Any CPU
		{4B6F1184-0C50-4FB1-B47B-8D0FC4DB6295}.Release|x86.Build.0 = Release|Any CPU
		{FE649C9D-E563-4924-AE3F-229F908C2FC7}.Debug|Any CPU.ActiveCfg = Debug|Any CPU
		{FE649C9D-E563-4924-AE3F-229F908C2FC7}.Debug|Any CPU.Build.0 = Debug|Any CPU
		{FE649C9D-E563-4924-AE3F-229F908C2FC7}.Debug|x64.ActiveCfg = Debug|Any CPU
		{FE649C9D-E563-4924-AE3F-229F908C2FC7}.Debug|x64.Build.0 = Debug|Any CPU
		{FE649C9D-E563-4924-AE3F-229F908C2FC7}.Debug|x86.ActiveCfg = Debug|Any CPU
		{FE649C9D-E563-4924-AE3F-229F908C2FC7}.Debug|x86.Build.0 = Debug|Any CPU
		{FE649C9D-E563-4924-AE3F-229F908C2FC7}.Release|Any CPU.ActiveCfg = Release|Any CPU
		{FE649C9D-E563-4924-AE3F-229F908C2FC7}.Release|Any CPU.Build.0 = Release|Any CPU
		{FE649C9D-E563-4924-AE3F-229F908C2FC7}.Release|x64.ActiveCfg = Release|Any CPU
		{FE649C9D-E563-4924-AE3F-229F908C2FC7}.Release|x64.Build.0 = Release|Any CPU
		{FE649C9D-E563-4924-AE3F-229F908C2FC7}.Release|x86.ActiveCfg = Release|Any CPU
		{FE649C9D-E563-4924-AE3F-229F908C2FC7}.Release|x86.Build.0 = Release|Any CPU
		{2C8A27F1-DF81-4F74-B0CC-0F6760B87480}.Debug|Any CPU.ActiveCfg = Debug|Any CPU
		{2C8A27F1-DF81-4F74-B0CC-0F6760B87480}.Debug|Any CPU.Build.0 = Debug|Any CPU
		{2C8A27F1-DF81-4F74-B0CC-0F6760B87480}.Debug|x64.ActiveCfg = Debug|Any CPU
		{2C8A27F1-DF81-4F74-B0CC-0F6760B87480}.Debug|x64.Build.0 = Debug|Any CPU
		{2C8A27F1-DF81-4F74-B0CC-0F6760B87480}.Debug|x86.ActiveCfg = Debug|Any CPU
		{2C8A27F1-DF81-4F74-B0CC-0F6760B87480}.Debug|x86.Build.0 = Debug|Any CPU
		{2C8A27F1-DF81-4F74-B0CC-0F6760B87480}.Release|Any CPU.ActiveCfg = Release|Any CPU
		{2C8A27F1-DF81-4F74-B0CC-0F6760B87480}.Release|Any CPU.Build.0 = Release|Any CPU
		{2C8A27F1-DF81-4F74-B0CC-0F6760B87480}.Release|x64.ActiveCfg = Release|Any CPU
		{2C8A27F1-DF81-4F74-B0CC-0F6760B87480}.Release|x64.Build.0 = Release|Any CPU
		{2C8A27F1-DF81-4F74-B0CC-0F6760B87480}.Release|x86.ActiveCfg = Release|Any CPU
		{2C8A27F1-DF81-4F74-B0CC-0F6760B87480}.Release|x86.Build.0 = Release|Any CPU
		{2E58CACB-AA81-4C97-B047-AF69E1F83B68}.Debug|Any CPU.ActiveCfg = Debug|Any CPU
		{2E58CACB-AA81-4C97-B047-AF69E1F83B68}.Debug|Any CPU.Build.0 = Debug|Any CPU
		{2E58CACB-AA81-4C97-B047-AF69E1F83B68}.Debug|x64.ActiveCfg = Debug|Any CPU
		{2E58CACB-AA81-4C97-B047-AF69E1F83B68}.Debug|x64.Build.0 = Debug|Any CPU
		{2E58CACB-AA81-4C97-B047-AF69E1F83B68}.Debug|x86.ActiveCfg = Debug|Any CPU
		{2E58CACB-AA81-4C97-B047-AF69E1F83B68}.Debug|x86.Build.0 = Debug|Any CPU
		{2E58CACB-AA81-4C97-B047-AF69E1F83B68}.Release|Any CPU.ActiveCfg = Release|Any CPU
		{2E58CACB-AA81-4C97-B047-AF69E1F83B68}.Release|Any CPU.Build.0 = Release|Any CPU
		{2E58CACB-AA81-4C97-B047-AF69E1F83B68}.Release|x64.ActiveCfg = Release|Any CPU
		{2E58CACB-AA81-4C97-B047-AF69E1F83B68}.Release|x64.Build.0 = Release|Any CPU
		{2E58CACB-AA81-4C97-B047-AF69E1F83B68}.Release|x86.ActiveCfg = Release|Any CPU
		{2E58CACB-AA81-4C97-B047-AF69E1F83B68}.Release|x86.Build.0 = Release|Any CPU
		{3826F426-0D84-4929-AE65-9F7A9C436FCA}.Debug|Any CPU.ActiveCfg = Debug|Any CPU
		{3826F426-0D84-4929-AE65-9F7A9C436FCA}.Debug|Any CPU.Build.0 = Debug|Any CPU
		{3826F426-0D84-4929-AE65-9F7A9C436FCA}.Debug|x64.ActiveCfg = Debug|Any CPU
		{3826F426-0D84-4929-AE65-9F7A9C436FCA}.Debug|x64.Build.0 = Debug|Any CPU
		{3826F426-0D84-4929-AE65-9F7A9C436FCA}.Debug|x86.ActiveCfg = Debug|Any CPU
		{3826F426-0D84-4929-AE65-9F7A9C436FCA}.Debug|x86.Build.0 = Debug|Any CPU
		{3826F426-0D84-4929-AE65-9F7A9C436FCA}.Release|Any CPU.ActiveCfg = Release|Any CPU
		{3826F426-0D84-4929-AE65-9F7A9C436FCA}.Release|Any CPU.Build.0 = Release|Any CPU
		{3826F426-0D84-4929-AE65-9F7A9C436FCA}.Release|x64.ActiveCfg = Release|Any CPU
		{3826F426-0D84-4929-AE65-9F7A9C436FCA}.Release|x64.Build.0 = Release|Any CPU
		{3826F426-0D84-4929-AE65-9F7A9C436FCA}.Release|x86.ActiveCfg = Release|Any CPU
		{3826F426-0D84-4929-AE65-9F7A9C436FCA}.Release|x86.Build.0 = Release|Any CPU
		{6BAC662F-08EB-4542-95B2-69FD137EE808}.Debug|Any CPU.ActiveCfg = Debug|Any CPU
		{6BAC662F-08EB-4542-95B2-69FD137EE808}.Debug|Any CPU.Build.0 = Debug|Any CPU
		{6BAC662F-08EB-4542-95B2-69FD137EE808}.Debug|x64.ActiveCfg = Debug|Any CPU
		{6BAC662F-08EB-4542-95B2-69FD137EE808}.Debug|x64.Build.0 = Debug|Any CPU
		{6BAC662F-08EB-4542-95B2-69FD137EE808}.Debug|x86.ActiveCfg = Debug|Any CPU
		{6BAC662F-08EB-4542-95B2-69FD137EE808}.Debug|x86.Build.0 = Debug|Any CPU
		{6BAC662F-08EB-4542-95B2-69FD137EE808}.Release|Any CPU.ActiveCfg = Release|Any CPU
		{6BAC662F-08EB-4542-95B2-69FD137EE808}.Release|Any CPU.Build.0 = Release|Any CPU
		{6BAC662F-08EB-4542-95B2-69FD137EE808}.Release|x64.ActiveCfg = Release|Any CPU
		{6BAC662F-08EB-4542-95B2-69FD137EE808}.Release|x64.Build.0 = Release|Any CPU
		{6BAC662F-08EB-4542-95B2-69FD137EE808}.Release|x86.ActiveCfg = Release|Any CPU
		{6BAC662F-08EB-4542-95B2-69FD137EE808}.Release|x86.Build.0 = Release|Any CPU
		{05451402-CA5D-4474-A8BE-8E534AD17748}.Debug|Any CPU.ActiveCfg = Debug|Any CPU
		{05451402-CA5D-4474-A8BE-8E534AD17748}.Debug|Any CPU.Build.0 = Debug|Any CPU
		{05451402-CA5D-4474-A8BE-8E534AD17748}.Debug|x64.ActiveCfg = Debug|Any CPU
		{05451402-CA5D-4474-A8BE-8E534AD17748}.Debug|x64.Build.0 = Debug|Any CPU
		{05451402-CA5D-4474-A8BE-8E534AD17748}.Debug|x86.ActiveCfg = Debug|Any CPU
		{05451402-CA5D-4474-A8BE-8E534AD17748}.Debug|x86.Build.0 = Debug|Any CPU
		{05451402-CA5D-4474-A8BE-8E534AD17748}.Release|Any CPU.ActiveCfg = Release|Any CPU
		{05451402-CA5D-4474-A8BE-8E534AD17748}.Release|Any CPU.Build.0 = Release|Any CPU
		{05451402-CA5D-4474-A8BE-8E534AD17748}.Release|x64.ActiveCfg = Release|Any CPU
		{05451402-CA5D-4474-A8BE-8E534AD17748}.Release|x64.Build.0 = Release|Any CPU
		{05451402-CA5D-4474-A8BE-8E534AD17748}.Release|x86.ActiveCfg = Release|Any CPU
		{05451402-CA5D-4474-A8BE-8E534AD17748}.Release|x86.Build.0 = Release|Any CPU
		{2CB4C4FB-C52E-4CA4-9817-BCDE5EE44566}.Debug|Any CPU.ActiveCfg = Debug|Any CPU
		{2CB4C4FB-C52E-4CA4-9817-BCDE5EE44566}.Debug|Any CPU.Build.0 = Debug|Any CPU
		{2CB4C4FB-C52E-4CA4-9817-BCDE5EE44566}.Debug|x64.ActiveCfg = Debug|Any CPU
		{2CB4C4FB-C52E-4CA4-9817-BCDE5EE44566}.Debug|x64.Build.0 = Debug|Any CPU
		{2CB4C4FB-C52E-4CA4-9817-BCDE5EE44566}.Debug|x86.ActiveCfg = Debug|Any CPU
		{2CB4C4FB-C52E-4CA4-9817-BCDE5EE44566}.Debug|x86.Build.0 = Debug|Any CPU
		{2CB4C4FB-C52E-4CA4-9817-BCDE5EE44566}.Release|Any CPU.ActiveCfg = Release|Any CPU
		{2CB4C4FB-C52E-4CA4-9817-BCDE5EE44566}.Release|Any CPU.Build.0 = Release|Any CPU
		{2CB4C4FB-C52E-4CA4-9817-BCDE5EE44566}.Release|x64.ActiveCfg = Release|Any CPU
		{2CB4C4FB-C52E-4CA4-9817-BCDE5EE44566}.Release|x64.Build.0 = Release|Any CPU
		{2CB4C4FB-C52E-4CA4-9817-BCDE5EE44566}.Release|x86.ActiveCfg = Release|Any CPU
		{2CB4C4FB-C52E-4CA4-9817-BCDE5EE44566}.Release|x86.Build.0 = Release|Any CPU
		{FBB33E9D-3120-41DC-859E-9A1DA5A42C53}.Debug|Any CPU.ActiveCfg = Debug|Any CPU
		{FBB33E9D-3120-41DC-859E-9A1DA5A42C53}.Debug|Any CPU.Build.0 = Debug|Any CPU
		{FBB33E9D-3120-41DC-859E-9A1DA5A42C53}.Debug|x64.ActiveCfg = Debug|Any CPU
		{FBB33E9D-3120-41DC-859E-9A1DA5A42C53}.Debug|x64.Build.0 = Debug|Any CPU
		{FBB33E9D-3120-41DC-859E-9A1DA5A42C53}.Debug|x86.ActiveCfg = Debug|Any CPU
		{FBB33E9D-3120-41DC-859E-9A1DA5A42C53}.Debug|x86.Build.0 = Debug|Any CPU
		{FBB33E9D-3120-41DC-859E-9A1DA5A42C53}.Release|Any CPU.ActiveCfg = Release|Any CPU
		{FBB33E9D-3120-41DC-859E-9A1DA5A42C53}.Release|Any CPU.Build.0 = Release|Any CPU
		{FBB33E9D-3120-41DC-859E-9A1DA5A42C53}.Release|x64.ActiveCfg = Release|Any CPU
		{FBB33E9D-3120-41DC-859E-9A1DA5A42C53}.Release|x64.Build.0 = Release|Any CPU
		{FBB33E9D-3120-41DC-859E-9A1DA5A42C53}.Release|x86.ActiveCfg = Release|Any CPU
		{FBB33E9D-3120-41DC-859E-9A1DA5A42C53}.Release|x86.Build.0 = Release|Any CPU
		{D425AE9F-F25D-4B64-9983-FE76778524A7}.Debug|Any CPU.ActiveCfg = Debug|Any CPU
		{D425AE9F-F25D-4B64-9983-FE76778524A7}.Debug|Any CPU.Build.0 = Debug|Any CPU
		{D425AE9F-F25D-4B64-9983-FE76778524A7}.Debug|x64.ActiveCfg = Debug|Any CPU
		{D425AE9F-F25D-4B64-9983-FE76778524A7}.Debug|x64.Build.0 = Debug|Any CPU
		{D425AE9F-F25D-4B64-9983-FE76778524A7}.Debug|x86.ActiveCfg = Debug|Any CPU
		{D425AE9F-F25D-4B64-9983-FE76778524A7}.Debug|x86.Build.0 = Debug|Any CPU
		{D425AE9F-F25D-4B64-9983-FE76778524A7}.Release|Any CPU.ActiveCfg = Release|Any CPU
		{D425AE9F-F25D-4B64-9983-FE76778524A7}.Release|Any CPU.Build.0 = Release|Any CPU
		{D425AE9F-F25D-4B64-9983-FE76778524A7}.Release|x64.ActiveCfg = Release|Any CPU
		{D425AE9F-F25D-4B64-9983-FE76778524A7}.Release|x64.Build.0 = Release|Any CPU
		{D425AE9F-F25D-4B64-9983-FE76778524A7}.Release|x86.ActiveCfg = Release|Any CPU
		{D425AE9F-F25D-4B64-9983-FE76778524A7}.Release|x86.Build.0 = Release|Any CPU
		{8ED45EF3-0271-4867-9330-80D300029D8C}.Debug|Any CPU.ActiveCfg = Debug|Any CPU
		{8ED45EF3-0271-4867-9330-80D300029D8C}.Debug|Any CPU.Build.0 = Debug|Any CPU
		{8ED45EF3-0271-4867-9330-80D300029D8C}.Debug|x64.ActiveCfg = Debug|Any CPU
		{8ED45EF3-0271-4867-9330-80D300029D8C}.Debug|x64.Build.0 = Debug|Any CPU
		{8ED45EF3-0271-4867-9330-80D300029D8C}.Debug|x86.ActiveCfg = Debug|Any CPU
		{8ED45EF3-0271-4867-9330-80D300029D8C}.Debug|x86.Build.0 = Debug|Any CPU
		{8ED45EF3-0271-4867-9330-80D300029D8C}.Release|Any CPU.ActiveCfg = Release|Any CPU
		{8ED45EF3-0271-4867-9330-80D300029D8C}.Release|Any CPU.Build.0 = Release|Any CPU
		{8ED45EF3-0271-4867-9330-80D300029D8C}.Release|x64.ActiveCfg = Release|Any CPU
		{8ED45EF3-0271-4867-9330-80D300029D8C}.Release|x64.Build.0 = Release|Any CPU
		{8ED45EF3-0271-4867-9330-80D300029D8C}.Release|x86.ActiveCfg = Release|Any CPU
		{8ED45EF3-0271-4867-9330-80D300029D8C}.Release|x86.Build.0 = Release|Any CPU
		{2A64DC9E-B4C9-4411-A66C-870E0363F15A}.Debug|Any CPU.ActiveCfg = Debug|Any CPU
		{2A64DC9E-B4C9-4411-A66C-870E0363F15A}.Debug|Any CPU.Build.0 = Debug|Any CPU
		{2A64DC9E-B4C9-4411-A66C-870E0363F15A}.Debug|x64.ActiveCfg = Debug|Any CPU
		{2A64DC9E-B4C9-4411-A66C-870E0363F15A}.Debug|x64.Build.0 = Debug|Any CPU
		{2A64DC9E-B4C9-4411-A66C-870E0363F15A}.Debug|x86.ActiveCfg = Debug|Any CPU
		{2A64DC9E-B4C9-4411-A66C-870E0363F15A}.Debug|x86.Build.0 = Debug|Any CPU
		{2A64DC9E-B4C9-4411-A66C-870E0363F15A}.Release|Any CPU.ActiveCfg = Release|Any CPU
		{2A64DC9E-B4C9-4411-A66C-870E0363F15A}.Release|Any CPU.Build.0 = Release|Any CPU
		{2A64DC9E-B4C9-4411-A66C-870E0363F15A}.Release|x64.ActiveCfg = Release|Any CPU
		{2A64DC9E-B4C9-4411-A66C-870E0363F15A}.Release|x64.Build.0 = Release|Any CPU
		{2A64DC9E-B4C9-4411-A66C-870E0363F15A}.Release|x86.ActiveCfg = Release|Any CPU
		{2A64DC9E-B4C9-4411-A66C-870E0363F15A}.Release|x86.Build.0 = Release|Any CPU
		{58302ADA-9967-4FF6-845A-B6D6AE0A339F}.Debug|Any CPU.ActiveCfg = Debug|Any CPU
		{58302ADA-9967-4FF6-845A-B6D6AE0A339F}.Debug|Any CPU.Build.0 = Debug|Any CPU
		{58302ADA-9967-4FF6-845A-B6D6AE0A339F}.Debug|x64.ActiveCfg = Debug|Any CPU
		{58302ADA-9967-4FF6-845A-B6D6AE0A339F}.Debug|x64.Build.0 = Debug|Any CPU
		{58302ADA-9967-4FF6-845A-B6D6AE0A339F}.Debug|x86.ActiveCfg = Debug|Any CPU
		{58302ADA-9967-4FF6-845A-B6D6AE0A339F}.Debug|x86.Build.0 = Debug|Any CPU
		{58302ADA-9967-4FF6-845A-B6D6AE0A339F}.Release|Any CPU.ActiveCfg = Release|Any CPU
		{58302ADA-9967-4FF6-845A-B6D6AE0A339F}.Release|Any CPU.Build.0 = Release|Any CPU
		{58302ADA-9967-4FF6-845A-B6D6AE0A339F}.Release|x64.ActiveCfg = Release|Any CPU
		{58302ADA-9967-4FF6-845A-B6D6AE0A339F}.Release|x64.Build.0 = Release|Any CPU
		{58302ADA-9967-4FF6-845A-B6D6AE0A339F}.Release|x86.ActiveCfg = Release|Any CPU
		{58302ADA-9967-4FF6-845A-B6D6AE0A339F}.Release|x86.Build.0 = Release|Any CPU
		{7B3130BC-DB9F-4DB1-9875-CFA08CD46168}.Debug|Any CPU.ActiveCfg = Debug|Any CPU
		{7B3130BC-DB9F-4DB1-9875-CFA08CD46168}.Debug|Any CPU.Build.0 = Debug|Any CPU
		{7B3130BC-DB9F-4DB1-9875-CFA08CD46168}.Debug|x64.ActiveCfg = Debug|Any CPU
		{7B3130BC-DB9F-4DB1-9875-CFA08CD46168}.Debug|x64.Build.0 = Debug|Any CPU
		{7B3130BC-DB9F-4DB1-9875-CFA08CD46168}.Debug|x86.ActiveCfg = Debug|Any CPU
		{7B3130BC-DB9F-4DB1-9875-CFA08CD46168}.Debug|x86.Build.0 = Debug|Any CPU
		{7B3130BC-DB9F-4DB1-9875-CFA08CD46168}.Release|Any CPU.ActiveCfg = Release|Any CPU
		{7B3130BC-DB9F-4DB1-9875-CFA08CD46168}.Release|Any CPU.Build.0 = Release|Any CPU
		{7B3130BC-DB9F-4DB1-9875-CFA08CD46168}.Release|x64.ActiveCfg = Release|Any CPU
		{7B3130BC-DB9F-4DB1-9875-CFA08CD46168}.Release|x64.Build.0 = Release|Any CPU
		{7B3130BC-DB9F-4DB1-9875-CFA08CD46168}.Release|x86.ActiveCfg = Release|Any CPU
		{7B3130BC-DB9F-4DB1-9875-CFA08CD46168}.Release|x86.Build.0 = Release|Any CPU
		{B0D05BBF-F7FA-46EC-9224-182B2B98C4A3}.Debug|Any CPU.ActiveCfg = Debug|Any CPU
		{B0D05BBF-F7FA-46EC-9224-182B2B98C4A3}.Debug|Any CPU.Build.0 = Debug|Any CPU
		{B0D05BBF-F7FA-46EC-9224-182B2B98C4A3}.Debug|x64.ActiveCfg = Debug|Any CPU
		{B0D05BBF-F7FA-46EC-9224-182B2B98C4A3}.Debug|x64.Build.0 = Debug|Any CPU
		{B0D05BBF-F7FA-46EC-9224-182B2B98C4A3}.Debug|x86.ActiveCfg = Debug|Any CPU
		{B0D05BBF-F7FA-46EC-9224-182B2B98C4A3}.Debug|x86.Build.0 = Debug|Any CPU
		{B0D05BBF-F7FA-46EC-9224-182B2B98C4A3}.Release|Any CPU.ActiveCfg = Release|Any CPU
		{B0D05BBF-F7FA-46EC-9224-182B2B98C4A3}.Release|Any CPU.Build.0 = Release|Any CPU
		{B0D05BBF-F7FA-46EC-9224-182B2B98C4A3}.Release|x64.ActiveCfg = Release|Any CPU
		{B0D05BBF-F7FA-46EC-9224-182B2B98C4A3}.Release|x64.Build.0 = Release|Any CPU
		{B0D05BBF-F7FA-46EC-9224-182B2B98C4A3}.Release|x86.ActiveCfg = Release|Any CPU
		{B0D05BBF-F7FA-46EC-9224-182B2B98C4A3}.Release|x86.Build.0 = Release|Any CPU
		{6BFFBB09-7BE2-449F-8E72-AADA97B791E7}.Debug|Any CPU.ActiveCfg = Debug|Any CPU
		{6BFFBB09-7BE2-449F-8E72-AADA97B791E7}.Debug|Any CPU.Build.0 = Debug|Any CPU
		{6BFFBB09-7BE2-449F-8E72-AADA97B791E7}.Debug|x64.ActiveCfg = Debug|Any CPU
		{6BFFBB09-7BE2-449F-8E72-AADA97B791E7}.Debug|x64.Build.0 = Debug|Any CPU
		{6BFFBB09-7BE2-449F-8E72-AADA97B791E7}.Debug|x86.ActiveCfg = Debug|Any CPU
		{6BFFBB09-7BE2-449F-8E72-AADA97B791E7}.Debug|x86.Build.0 = Debug|Any CPU
		{6BFFBB09-7BE2-449F-8E72-AADA97B791E7}.Release|Any CPU.ActiveCfg = Release|Any CPU
		{6BFFBB09-7BE2-449F-8E72-AADA97B791E7}.Release|Any CPU.Build.0 = Release|Any CPU
		{6BFFBB09-7BE2-449F-8E72-AADA97B791E7}.Release|x64.ActiveCfg = Release|Any CPU
		{6BFFBB09-7BE2-449F-8E72-AADA97B791E7}.Release|x64.Build.0 = Release|Any CPU
		{6BFFBB09-7BE2-449F-8E72-AADA97B791E7}.Release|x86.ActiveCfg = Release|Any CPU
		{6BFFBB09-7BE2-449F-8E72-AADA97B791E7}.Release|x86.Build.0 = Release|Any CPU
	EndGlobalSection
	GlobalSection(SolutionProperties) = preSolution
		HideSolutionNode = FALSE
	EndGlobalSection
	GlobalSection(NestedProjects) = preSolution
		{15948D13-B424-4DF3-B341-36CCB97D4D9F} = {99D10D4A-A16A-4600-A39B-568047AA58ED}
		{A7C1F375-FD81-4FC5-9C61-812771077D40} = {0D88B727-CA5D-48DB-835B-E90C8E282DA7}
		{052A32DE-CE73-4E7F-86C4-9130BEF5EB3E} = {99D10D4A-A16A-4600-A39B-568047AA58ED}
		{99D10D4A-A16A-4600-A39B-568047AA58ED} = {9A022DE0-2608-45D6-99DA-835CFFD4FC87}
		{3826F426-0D84-4929-AE65-9F7A9C436FCA} = {0D88B727-CA5D-48DB-835B-E90C8E282DA7}
		{6BAC662F-08EB-4542-95B2-69FD137EE808} = {0D88B727-CA5D-48DB-835B-E90C8E282DA7}
		{05451402-CA5D-4474-A8BE-8E534AD17748} = {0D88B727-CA5D-48DB-835B-E90C8E282DA7}
		{FBB33E9D-3120-41DC-859E-9A1DA5A42C53} = {F872A038-D325-4718-B0A0-4CBCEA3714ED}
		{8ED45EF3-0271-4867-9330-80D300029D8C} = {F872A038-D325-4718-B0A0-4CBCEA3714ED}
		{FDEB0983-B01B-47AC-AF86-337B736DCA62} = {9A022DE0-2608-45D6-99DA-835CFFD4FC87}
		{0F1F75EF-8755-499B-8A28-F6653EB29FED} = {FDEB0983-B01B-47AC-AF86-337B736DCA62}
		{295450C6-C37F-4AA7-A59A-1BFFF352D0EA} = {FDEB0983-B01B-47AC-AF86-337B736DCA62}
		{596A8193-7A5D-4055-BB8C-D2F27E1C6B94} = {FDEB0983-B01B-47AC-AF86-337B736DCA62}
		{2C8A27F1-DF81-4F74-B0CC-0F6760B87480} = {FDEB0983-B01B-47AC-AF86-337B736DCA62}
		{2E58CACB-AA81-4C97-B047-AF69E1F83B68} = {FDEB0983-B01B-47AC-AF86-337B736DCA62}
		{992BDAD7-70BF-49FB-BA35-7355417AE3BA} = {FDEB0983-B01B-47AC-AF86-337B736DCA62}
		{0FF8E2F4-DA31-485D-AE7A-D483CF8627EF} = {9A022DE0-2608-45D6-99DA-835CFFD4FC87}
		{872C75F9-F535-4499-ADCB-4ADF2EBFC073} = {0FF8E2F4-DA31-485D-AE7A-D483CF8627EF}
		{7B3130BC-DB9F-4DB1-9875-CFA08CD46168} = {0FF8E2F4-DA31-485D-AE7A-D483CF8627EF}
		{2CB4C4FB-C52E-4CA4-9817-BCDE5EE44566} = {0FF8E2F4-DA31-485D-AE7A-D483CF8627EF}
		{980B0B4A-0ADB-41BE-BCB9-0CB0A59DA77F} = {0FF8E2F4-DA31-485D-AE7A-D483CF8627EF}
		{4B6F1184-0C50-4FB1-B47B-8D0FC4DB6295} = {FDEB0983-B01B-47AC-AF86-337B736DCA62}
		{6BFFBB09-7BE2-449F-8E72-AADA97B791E7} = {FDEB0983-B01B-47AC-AF86-337B736DCA62}
		{2A64DC9E-B4C9-4411-A66C-870E0363F15A} = {99D10D4A-A16A-4600-A39B-568047AA58ED}
		{FE649C9D-E563-4924-AE3F-229F908C2FC7} = {99D10D4A-A16A-4600-A39B-568047AA58ED}
		{D425AE9F-F25D-4B64-9983-FE76778524A7} = {99D10D4A-A16A-4600-A39B-568047AA58ED}
		{AF18B792-6305-45D8-A758-F152E34B8061} = {99D10D4A-A16A-4600-A39B-568047AA58ED}
		{FB2BA3AC-FE31-431D-B346-883C2A97A083} = {99D10D4A-A16A-4600-A39B-568047AA58ED}
		{58302ADA-9967-4FF6-845A-B6D6AE0A339F} = {99D10D4A-A16A-4600-A39B-568047AA58ED}
		{B0D05BBF-F7FA-46EC-9224-182B2B98C4A3} = {99D10D4A-A16A-4600-A39B-568047AA58ED}
	EndGlobalSection
	GlobalSection(ExtensibilityGlobals) = postSolution
		SolutionGuid = {63CC6DCC-A35C-402C-8ECB-3CC7EA821994}
	EndGlobalSection
EndGlobal
